
Microsoft Visual Studio Solution File, Format Version 12.00
# Visual Studio Version 17
VisualStudioVersion = 17.5.002.0
MinimumVisualStudioVersion = 10.0.40219.1
Project("{9A19103F-16F7-4668-BE54-9A1E7A4F7556}") = "MetasysServices", "MetasysServices\MetasysServices.csproj", "{FF8EBF3D-72FA-46F0-AF8D-D4C08A6F4D40}"
EndProject
Project("{FAE04EC0-301F-11D3-BF4B-00C04F79EFBC}") = "MetasysServices.Tests", "MetasysServices.Tests\MetasysServices.Tests.csproj", "{10132A87-B9FB-40D1-8306-4D21764DEE32}"
EndProject
Project("{FAE04EC0-301F-11D3-BF4B-00C04F79EFBC}") = "MacOSKeychainTests", "MacOSKeychainTests\MacOSKeychainTests.csproj", "{03FE0A55-6CF7-483D-8652-4BE8DF6F8573}"
EndProject
Global
	GlobalSection(SolutionConfigurationPlatforms) = preSolution
		Debug|Any CPU = Debug|Any CPU
		Release|Any CPU = Release|Any CPU
	EndGlobalSection
	GlobalSection(ProjectConfigurationPlatforms) = postSolution
		{FF8EBF3D-72FA-46F0-AF8D-D4C08A6F4D40}.Debug|Any CPU.ActiveCfg = Debug|Any CPU
		{FF8EBF3D-72FA-46F0-AF8D-D4C08A6F4D40}.Debug|Any CPU.Build.0 = Debug|Any CPU
		{FF8EBF3D-72FA-46F0-AF8D-D4C08A6F4D40}.Release|Any CPU.ActiveCfg = Release|Any CPU
		{FF8EBF3D-72FA-46F0-AF8D-D4C08A6F4D40}.Release|Any CPU.Build.0 = Release|Any CPU
		{10132A87-B9FB-40D1-8306-4D21764DEE32}.Debug|Any CPU.ActiveCfg = Debug|Any CPU
		{10132A87-B9FB-40D1-8306-4D21764DEE32}.Debug|Any CPU.Build.0 = Debug|Any CPU
		{10132A87-B9FB-40D1-8306-4D21764DEE32}.Release|Any CPU.ActiveCfg = Release|Any CPU
		{10132A87-B9FB-40D1-8306-4D21764DEE32}.Release|Any CPU.Build.0 = Release|Any CPU
		{03FE0A55-6CF7-483D-8652-4BE8DF6F8573}.Debug|Any CPU.ActiveCfg = Debug|Any CPU
		{03FE0A55-6CF7-483D-8652-4BE8DF6F8573}.Debug|Any CPU.Build.0 = Debug|Any CPU
		{03FE0A55-6CF7-483D-8652-4BE8DF6F8573}.Release|Any CPU.ActiveCfg = Release|Any CPU
		{03FE0A55-6CF7-483D-8652-4BE8DF6F8573}.Release|Any CPU.Build.0 = Release|Any CPU
	EndGlobalSection
	GlobalSection(SolutionProperties) = preSolution
		HideSolutionNode = FALSE
	EndGlobalSection
	GlobalSection(ExtensibilityGlobals) = postSolution
		SolutionGuid = {20BCA9A9-3394-4960-BED6-6C6907935C76}
	EndGlobalSection
EndGlobal
